
Microsoft Visual Studio Solution File, Format Version 12.00
# Visual Studio 2013
VisualStudioVersion = 12.0.21005.1
MinimumVisualStudioVersion = 10.0.40219.1
Project("{FAE04EC0-301F-11D3-BF4B-00C04F79EFBC}") = "DeploymentAssistant", "DeploymentAssistant\DeploymentAssistant.csproj", "{5C3CE084-1BB5-4B9E-ABC7-7E3CEF20BFD9}"
EndProject
Project("{FAE04EC0-301F-11D3-BF4B-00C04F79EFBC}") = "DeploymentAssistant.Common", "DeploymentAssistant.Common\DeploymentAssistant.Common.csproj", "{CD60EF05-8EE7-4C43-B115-83710627DA27}"
EndProject
Project("{FAE04EC0-301F-11D3-BF4B-00C04F79EFBC}") = "DeploymentAssistant.Executors", "DeploymentAssistant.Executors\DeploymentAssistant.Executors.csproj", "{3FD3CA83-5271-462B-98A6-38FCC07A6746}"
EndProject
Project("{FAE04EC0-301F-11D3-BF4B-00C04F79EFBC}") = "DeploymentAssistant.Models", "DeploymentAssistant.Models\DeploymentAssistant.Models.csproj", "{71E4C09F-C10E-43BD-843A-D20D04692F2D}"
EndProject
Project("{FAE04EC0-301F-11D3-BF4B-00C04F79EFBC}") = "DeploymentAssistant.Tests", "DeploymentAssistant.Tests\DeploymentAssistant.Tests.csproj", "{0E152806-D945-4F87-8B4E-7705BE8DAFBC}"
EndProject
Global
	GlobalSection(SolutionConfigurationPlatforms) = preSolution
		Debug|Any CPU = Debug|Any CPU
		Release|Any CPU = Release|Any CPU
	EndGlobalSection
	GlobalSection(ProjectConfigurationPlatforms) = postSolution
		{5C3CE084-1BB5-4B9E-ABC7-7E3CEF20BFD9}.Debug|Any CPU.ActiveCfg = Debug|Any CPU
		{5C3CE084-1BB5-4B9E-ABC7-7E3CEF20BFD9}.Debug|Any CPU.Build.0 = Debug|Any CPU
		{5C3CE084-1BB5-4B9E-ABC7-7E3CEF20BFD9}.Release|Any CPU.ActiveCfg = Release|Any CPU
		{5C3CE084-1BB5-4B9E-ABC7-7E3CEF20BFD9}.Release|Any CPU.Build.0 = Release|Any CPU
		{CD60EF05-8EE7-4C43-B115-83710627DA27}.Debug|Any CPU.ActiveCfg = Debug|Any CPU
		{CD60EF05-8EE7-4C43-B115-83710627DA27}.Debug|Any CPU.Build.0 = Debug|Any CPU
		{CD60EF05-8EE7-4C43-B115-83710627DA27}.Release|Any CPU.ActiveCfg = Release|Any CPU
		{CD60EF05-8EE7-4C43-B115-83710627DA27}.Release|Any CPU.Build.0 = Release|Any CPU
		{3FD3CA83-5271-462B-98A6-38FCC07A6746}.Debug|Any CPU.ActiveCfg = Debug|Any CPU
		{3FD3CA83-5271-462B-98A6-38FCC07A6746}.Debug|Any CPU.Build.0 = Debug|Any CPU
		{3FD3CA83-5271-462B-98A6-38FCC07A6746}.Release|Any CPU.ActiveCfg = Release|Any CPU
		{3FD3CA83-5271-462B-98A6-38FCC07A6746}.Release|Any CPU.Build.0 = Release|Any CPU
		{71E4C09F-C10E-43BD-843A-D20D04692F2D}.Debug|Any CPU.ActiveCfg = Debug|Any CPU
		{71E4C09F-C10E-43BD-843A-D20D04692F2D}.Debug|Any CPU.Build.0 = Debug|Any CPU
		{71E4C09F-C10E-43BD-843A-D20D04692F2D}.Release|Any CPU.ActiveCfg = Release|Any CPU
		{71E4C09F-C10E-43BD-843A-D20D04692F2D}.Release|Any CPU.Build.0 = Release|Any CPU
		{0E152806-D945-4F87-8B4E-7705BE8DAFBC}.Debug|Any CPU.ActiveCfg = Debug|Any CPU
		{0E152806-D945-4F87-8B4E-7705BE8DAFBC}.Debug|Any CPU.Build.0 = Debug|Any CPU
		{0E152806-D945-4F87-8B4E-7705BE8DAFBC}.Release|Any CPU.ActiveCfg = Release|Any CPU
		{0E152806-D945-4F87-8B4E-7705BE8DAFBC}.Release|Any CPU.Build.0 = Release|Any CPU
	EndGlobalSection
	GlobalSection(SolutionProperties) = preSolution
		HideSolutionNode = FALSE
	EndGlobalSection
EndGlobal
